// !$*UTF8*$!
{
	archiveVersion = 1;
	classes = {
	};
	objectVersion = 46;
	objects = {

/* Begin PBXBuildFile section */
		50919AFF206CC464009C7B56 /* Image.png in Resources */ = {isa = PBXBuildFile; fileRef = 50919AFE206CC464009C7B56 /* Image.png */; };
		50DA92BB1F99CFC600A5356B /* LSSPieChart.m in Sources */ = {isa = PBXBuildFile; fileRef = 50DA92BA1F99CFC600A5356B /* LSSPieChart.m */; };
		50EBDEEA1F5422F3007F6A44 /* main.m in Sources */ = {isa = PBXBuildFile; fileRef = 50EBDEE91F5422F3007F6A44 /* main.m */; };
		50EBDEED1F5422F3007F6A44 /* AppDelegate.m in Sources */ = {isa = PBXBuildFile; fileRef = 50EBDEEC1F5422F3007F6A44 /* AppDelegate.m */; };
		50EBDEF01F5422F3007F6A44 /* ViewController.m in Sources */ = {isa = PBXBuildFile; fileRef = 50EBDEEF1F5422F3007F6A44 /* ViewController.m */; };
		50EBDEF31F5422F3007F6A44 /* Main.storyboard in Resources */ = {isa = PBXBuildFile; fileRef = 50EBDEF11F5422F3007F6A44 /* Main.storyboard */; };
		50EBDEF51F5422F3007F6A44 /* Assets.xcassets in Resources */ = {isa = PBXBuildFile; fileRef = 50EBDEF41F5422F3007F6A44 /* Assets.xcassets */; };
		50EBDEF81F5422F3007F6A44 /* LaunchScreen.storyboard in Resources */ = {isa = PBXBuildFile; fileRef = 50EBDEF61F5422F3007F6A44 /* LaunchScreen.storyboard */; };
/* End PBXBuildFile section */

/* Begin PBXFileReference section */
		50919AFE206CC464009C7B56 /* Image.png */ = {isa = PBXFileReference; lastKnownFileType = image.png; path = Image.png; sourceTree = "<group>"; };
		50DA92B91F99CFC600A5356B /* LSSPieChart.h */ = {isa = PBXFileReference; lastKnownFileType = sourcecode.c.h; path = LSSPieChart.h; sourceTree = "<group>"; };
		50DA92BA1F99CFC600A5356B /* LSSPieChart.m */ = {isa = PBXFileReference; lastKnownFileType = sourcecode.c.objc; path = LSSPieChart.m; sourceTree = "<group>"; };
		50EBDEE51F5422F3007F6A44 /* PieChart.app */ = {isa = PBXFileReference; explicitFileType = wrapper.application; includeInIndex = 0; path = PieChart.app; sourceTree = BUILT_PRODUCTS_DIR; };
		50EBDEE91F5422F3007F6A44 /* main.m */ = {isa = PBXFileReference; lastKnownFileType = sourcecode.c.objc; path = main.m; sourceTree = "<group>"; };
		50EBDEEB1F5422F3007F6A44 /* AppDelegate.h */ = {isa = PBXFileReference; lastKnownFileType = sourcecode.c.h; path = AppDelegate.h; sourceTree = "<group>"; };
		50EBDEEC1F5422F3007F6A44 /* AppDelegate.m */ = {isa = PBXFileReference; lastKnownFileType = sourcecode.c.objc; path = AppDelegate.m; sourceTree = "<group>"; };
		50EBDEEE1F5422F3007F6A44 /* ViewController.h */ = {isa = PBXFileReference; lastKnownFileType = sourcecode.c.h; path = ViewController.h; sourceTree = "<group>"; };
		50EBDEEF1F5422F3007F6A44 /* ViewController.m */ = {isa = PBXFileReference; lastKnownFileType = sourcecode.c.objc; path = ViewController.m; sourceTree = "<group>"; };
		50EBDEF21F5422F3007F6A44 /* Base */ = {isa = PBXFileReference; lastKnownFileType = file.storyboard; name = Base; path = Base.lproj/Main.storyboard; sourceTree = "<group>"; };
		50EBDEF41F5422F3007F6A44 /* Assets.xcassets */ = {isa = PBXFileReference; lastKnownFileType = folder.assetcatalog; path = Assets.xcassets; sourceTree = "<group>"; };
		50EBDEF71F5422F3007F6A44 /* Base */ = {isa = PBXFileReference; lastKnownFileType = file.storyboard; name = Base; path = Base.lproj/LaunchScreen.storyboard; sourceTree = "<group>"; };
		50EBDEF91F5422F3007F6A44 /* Info.plist */ = {isa = PBXFileReference; lastKnownFileType = text.plist.xml; path = Info.plist; sourceTree = "<group>"; };
/* End PBXFileReference section */

/* Begin PBXFrameworksBuildPhase section */
		50EBDEE21F5422F3007F6A44 /* Frameworks */ = {
			isa = PBXFrameworksBuildPhase;
			buildActionMask = 2147483647;
			files = (
			);
			runOnlyForDeploymentPostprocessing = 0;
		};
/* End PBXFrameworksBuildPhase section */

/* Begin PBXGroup section */
		50EBDEDC1F5422F3007F6A44 = {
			isa = PBXGroup;
			children = (
				50EBDEE71F5422F3007F6A44 /* PieChart */,
				50EBDEE61F5422F3007F6A44 /* Products */,
			);
			sourceTree = "<group>";
		};
		50EBDEE61F5422F3007F6A44 /* Products */ = {
			isa = PBXGroup;
			children = (
				50EBDEE51F5422F3007F6A44 /* PieChart.app */,
			);
			name = Products;
			sourceTree = "<group>";
		};
		50EBDEE71F5422F3007F6A44 /* PieChart */ = {
			isa = PBXGroup;
			children = (
				50919AFE206CC464009C7B56 /* Image.png */,
				50DA92B91F99CFC600A5356B /* LSSPieChart.h */,
				50DA92BA1F99CFC600A5356B /* LSSPieChart.m */,
				50EBDEEB1F5422F3007F6A44 /* AppDelegate.h */,
				50EBDEEC1F5422F3007F6A44 /* AppDelegate.m */,
				50EBDEEE1F5422F3007F6A44 /* ViewController.h */,
				50EBDEEF1F5422F3007F6A44 /* ViewController.m */,
				50EBDEF11F5422F3007F6A44 /* Main.storyboard */,
				50EBDEF41F5422F3007F6A44 /* Assets.xcassets */,
				50EBDEF61F5422F3007F6A44 /* LaunchScreen.storyboard */,
				50EBDEF91F5422F3007F6A44 /* Info.plist */,
				50EBDEE81F5422F3007F6A44 /* Supporting Files */,
			);
			path = PieChart;
			sourceTree = "<group>";
		};
		50EBDEE81F5422F3007F6A44 /* Supporting Files */ = {
			isa = PBXGroup;
			children = (
				50EBDEE91F5422F3007F6A44 /* main.m */,
			);
			name = "Supporting Files";
			sourceTree = "<group>";
		};
/* End PBXGroup section */

/* Begin PBXNativeTarget section */
		50EBDEE41F5422F3007F6A44 /* PieChart */ = {
			isa = PBXNativeTarget;
			buildConfigurationList = 50EBDEFC1F5422F3007F6A44 /* Build configuration list for PBXNativeTarget "PieChart" */;
			buildPhases = (
				50EBDEE11F5422F3007F6A44 /* Sources */,
				50EBDEE21F5422F3007F6A44 /* Frameworks */,
				50EBDEE31F5422F3007F6A44 /* Resources */,
			);
			buildRules = (
			);
			dependencies = (
			);
			name = PieChart;
			productName = PieChart;
			productReference = 50EBDEE51F5422F3007F6A44 /* PieChart.app */;
			productType = "com.apple.product-type.application";
		};
/* End PBXNativeTarget section */

/* Begin PBXProject section */
		50EBDEDD1F5422F3007F6A44 /* Project object */ = {
			isa = PBXProject;
			attributes = {
				LastUpgradeCheck = 0830;
				ORGANIZATIONNAME = insight;
				TargetAttributes = {
					50EBDEE41F5422F3007F6A44 = {
						CreatedOnToolsVersion = 8.3.2;
						DevelopmentTeam = E8XN8F5354;
						ProvisioningStyle = Automatic;
					};
				};
			};
			buildConfigurationList = 50EBDEE01F5422F3007F6A44 /* Build configuration list for PBXProject "PieChart" */;
			compatibilityVersion = "Xcode 3.2";
			developmentRegion = English;
			hasScannedForEncodings = 0;
			knownRegions = (
				en,
				Base,
			);
			mainGroup = 50EBDEDC1F5422F3007F6A44;
			productRefGroup = 50EBDEE61F5422F3007F6A44 /* Products */;
			projectDirPath = "";
			projectRoot = "";
			targets = (
				50EBDEE41F5422F3007F6A44 /* PieChart */,
			);
		};
/* End PBXProject section */

/* Begin PBXResourcesBuildPhase section */
		50EBDEE31F5422F3007F6A44 /* Resources */ = {
			isa = PBXResourcesBuildPhase;
			buildActionMask = 2147483647;
			files = (
				50EBDEF81F5422F3007F6A44 /* LaunchScreen.storyboard in Resources */,
				50EBDEF51F5422F3007F6A44 /* Assets.xcassets in Resources */,
				50EBDEF31F5422F3007F6A44 /* Main.storyboard in Resources */,
				50919AFF206CC464009C7B56 /* Image.png in Resources */,
			);
			runOnlyForDeploymentPostprocessing = 0;
		};
/* End PBXResourcesBuildPhase section */

/* Begin PBXSourcesBuildPhase section */
		50EBDEE11F5422F3007F6A44 /* Sources */ = {
			isa = PBXSourcesBuildPhase;
			buildActionMask = 2147483647;
			files = (
				50DA92BB1F99CFC600A5356B /* LSSPieChart.m in Sources */,
				50EBDEF01F5422F3007F6A44 /* ViewController.m in Sources */,
				50EBDEED1F5422F3007F6A44 /* AppDelegate.m in Sources */,
				50EBDEEA1F5422F3007F6A44 /* main.m in Sources */,
			);
			runOnlyForDeploymentPostprocessing = 0;
		};
/* End PBXSourcesBuildPhase section */

/* Begin PBXVariantGroup section */
		50EBDEF11F5422F3007F6A44 /* Main.storyboard */ = {
			isa = PBXVariantGroup;
			children = (
				50EBDEF21F5422F3007F6A44 /* Base */,
			);
			name = Main.storyboard;
			sourceTree = "<group>";
		};
		50EBDEF61F5422F3007F6A44 /* LaunchScreen.storyboard */ = {
			isa = PBXVariantGroup;
			children = (
				50EBDEF71F5422F3007F6A44 /* Base */,
			);
			name = LaunchScreen.storyboard;
			sourceTree = "<group>";
		};
/* End PBXVariantGroup section */

/* Begin XCBuildConfiguration section */
		50EBDEFA1F5422F3007F6A44 /* Debug */ = {
			isa = XCBuildConfiguration;
			buildSettings = {
				ALWAYS_SEARCH_USER_PATHS = NO;
				CLANG_ANALYZER_NONNULL = YES;
				CLANG_ANALYZER_NUMBER_OBJECT_CONVERSION = YES_AGGRESSIVE;
				CLANG_CXX_LANGUAGE_STANDARD = "gnu++0x";
				CLANG_CXX_LIBRARY = "libc++";
				CLANG_ENABLE_MODULES = YES;
				CLANG_ENABLE_OBJC_ARC = YES;
				CLANG_WARN_BOOL_CONVERSION = YES;
				CLANG_WARN_CONSTANT_CONVERSION = YES;
				CLANG_WARN_DIRECT_OBJC_ISA_USAGE = YES_ERROR;
				CLANG_WARN_DOCUMENTATION_COMMENTS = YES;
				CLANG_WARN_EMPTY_BODY = YES;
				CLANG_WARN_ENUM_CONVERSION = YES;
				CLANG_WARN_INFINITE_RECURSION = YES;
				CLANG_WARN_INT_CONVERSION = YES;
				CLANG_WARN_OBJC_ROOT_CLASS = YES_ERROR;
				CLANG_WARN_SUSPICIOUS_MOVE = YES;
				CLANG_WARN_UNREACHABLE_CODE = YES;
				CLANG_WARN__DUPLICATE_METHOD_MATCH = YES;
				"CODE_SIGN_IDENTITY[sdk=iphoneos*]" = "iPhone Developer";
				COPY_PHASE_STRIP = NO;
				DEBUG_INFORMATION_FORMAT = dwarf;
				ENABLE_STRICT_OBJC_MSGSEND = YES;
				ENABLE_TESTABILITY = YES;
				GCC_C_LANGUAGE_STANDARD = gnu99;
				GCC_DYNAMIC_NO_PIC = NO;
				GCC_NO_COMMON_BLOCKS = YES;
				GCC_OPTIMIZATION_LEVEL = 0;
				GCC_PREPROCESSOR_DEFINITIONS = (
					"DEBUG=1",
					"$(inherited)",
				);
				GCC_WARN_64_TO_32_BIT_CONVERSION = YES;
				GCC_WARN_ABOUT_RETURN_TYPE = YES_ERROR;
				GCC_WARN_UNDECLARED_SELECTOR = YES;
				GCC_WARN_UNINITIALIZED_AUTOS = YES_AGGRESSIVE;
				GCC_WARN_UNUSED_FUNCTION = YES;
				GCC_WARN_UNUSED_VARIABLE = YES;
				IPHONEOS_DEPLOYMENT_TARGET = 10.3;
				MTL_ENABLE_DEBUG_INFO = YES;
				ONLY_ACTIVE_ARCH = YES;
				SDKROOT = iphoneos;
				TARGETED_DEVICE_FAMILY = "1,2";
			};
			name = Debug;
		};
		50EBDEFB1F5422F3007F6A44 /* Release */ = {
			isa = XCBuildConfiguration;
			buildSettings = {
				ALWAYS_SEARCH_USER_PATHS = NO;
				CLANG_ANALYZER_NONNULL = YES;
				CLANG_ANALYZER_NUMBER_OBJECT_CONVERSION = YES_AGGRESSIVE;
				CLANG_CXX_LANGUAGE_STANDARD = "gnu++0x";
				CLANG_CXX_LIBRARY = "libc++";
				CLANG_ENABLE_MODULES = YES;
				CLANG_ENABLE_OBJC_ARC = YES;
				CLANG_WARN_BOOL_CONVERSION = YES;
				CLANG_WARN_CONSTANT_CONVERSION = YES;
				CLANG_WARN_DIRECT_OBJC_ISA_USAGE = YES_ERROR;
				CLANG_WARN_DOCUMENTATION_COMMENTS = YES;
				CLANG_WARN_EMPTY_BODY = YES;
				CLANG_WARN_ENUM_CONVERSION = YES;
				CLANG_WARN_INFINITE_RECURSION = YES;
				CLANG_WARN_INT_CONVERSION = YES;
				CLANG_WARN_OBJC_ROOT_CLASS = YES_ERROR;
				CLANG_WARN_SUSPICIOUS_MOVE = YES;
				CLANG_WARN_UNREACHABLE_CODE = YES;
				CLANG_WARN__DUPLICATE_METHOD_MATCH = YES;
				"CODE_SIGN_IDENTITY[sdk=iphoneos*]" = "iPhone Developer";
				COPY_PHASE_STRIP = NO;
				DEBUG_INFORMATION_FORMAT = "dwarf-with-dsym";
				ENABLE_NS_ASSERTIONS = NO;
				ENABLE_STRICT_OBJC_MSGSEND = YES;
				GCC_C_LANGUAGE_STANDARD = gnu99;
				GCC_NO_COMMON_BLOCKS = YES;
				GCC_WARN_64_TO_32_BIT_CONVERSION = YES;
				GCC_WARN_ABOUT_RETURN_TYPE = YES_ERROR;
				GCC_WARN_UNDECLARED_SELECTOR = YES;
				GCC_WARN_UNINITIALIZED_AUTOS = YES_AGGRESSIVE;
				GCC_WARN_UNUSED_FUNCTION = YES;
				GCC_WARN_UNUSED_VARIABLE = YES;
				IPHONEOS_DEPLOYMENT_TARGET = 10.3;
				MTL_ENABLE_DEBUG_INFO = NO;
				SDKROOT = iphoneos;
				TARGETED_DEVICE_FAMILY = "1,2";
				VALIDATE_PRODUCT = YES;
			};
			name = Release;
		};
		50EBDEFD1F5422F3007F6A44 /* Debug */ = {
			isa = XCBuildConfiguration;
			buildSettings = {
				ASSETCATALOG_COMPILER_APPICON_NAME = AppIcon;
				DEVELOPMENT_TEAM = E8XN8F5354;
				INFOPLIST_FILE = PieChart/Info.plist;
				LD_RUNPATH_SEARCH_PATHS = "$(inherited) @executable_path/Frameworks";
				PRODUCT_BUNDLE_IDENTIFIER = insight.PieChart;
				PRODUCT_NAME = "$(TARGET_NAME)";
			};
			name = Debug;
		};
		50EBDEFE1F5422F3007F6A44 /* Release */ = {
			isa = XCBuildConfiguration;
			buildSettings = {
				ASSETCATALOG_COMPILER_APPICON_NAME = AppIcon;
				DEVELOPMENT_TEAM = E8XN8F5354;
				INFOPLIST_FILE = PieChart/Info.plist;
				LD_RUNPATH_SEARCH_PATHS = "$(inherited) @executable_path/Frameworks";
				PRODUCT_BUNDLE_IDENTIFIER = insight.PieChart;
				PRODUCT_NAME = "$(TARGET_NAME)";
			};
			name = Release;
		};
/* End XCBuildConfiguration section */

/* Begin XCConfigurationList section */
		50EBDEE01F5422F3007F6A44 /* Build configuration list for PBXProject "PieChart" */ = {
			isa = XCConfigurationList;
			buildConfigurations = (
				50EBDEFA1F5422F3007F6A44 /* Debug */,
				50EBDEFB1F5422F3007F6A44 /* Release */,
			);
			defaultConfigurationIsVisible = 0;
			defaultConfigurationName = Release;
		};
		50EBDEFC1F5422F3007F6A44 /* Build configuration list for PBXNativeTarget "PieChart" */ = {
			isa = XCConfigurationList;
			buildConfigurations = (
				50EBDEFD1F5422F3007F6A44 /* Debug */,
				50EBDEFE1F5422F3007F6A44 /* Release */,
			);
			defaultConfigurationIsVisible = 0;
			defaultConfigurationName = Release;
		};
/* End XCConfigurationList section */
	};
	rootObject = 50EBDEDD1F5422F3007F6A44 /* Project object */;
}
